
Microsoft Visual Studio Solution File, Format Version 12.00
# Visual Studio 15
VisualStudioVersion = 15.0.26430.13
MinimumVisualStudioVersion = 10.0.40219.1
Project("{FAE04EC0-301F-11D3-BF4B-00C04F79EFBC}") = "EnumeratedConstants", "EnumeratedConstants\EnumeratedConstants.csproj", "{8644DB04-EE5D-4D1B-8F36-002F9B15AD7F}"
EndProject
Global
	GlobalSection(SolutionConfigurationPlatforms) = preSolution
		Debug|Any CPU = Debug|Any CPU
		Release|Any CPU = Release|Any CPU
	EndGlobalSection
	GlobalSection(ProjectConfigurationPlatforms) = postSolution
		{8644DB04-EE5D-4D1B-8F36-002F9B15AD7F}.Debug|Any CPU.ActiveCfg = Debug|Any CPU
		{8644DB04-EE5D-4D1B-8F36-002F9B15AD7F}.Debug|Any CPU.Build.0 = Debug|Any CPU
		{8644DB04-EE5D-4D1B-8F36-002F9B15AD7F}.Release|Any CPU.ActiveCfg = Release|Any CPU
		{8644DB04-EE5D-4D1B-8F36-002F9B15AD7F}.Release|Any CPU.Build.0 = Release|Any CPU
	EndGlobalSection
	GlobalSection(SolutionProperties) = preSolution
		HideSolutionNode = FALSE
	EndGlobalSection
EndGlobal
